
Microsoft Visual Studio Solution File, Format Version 12.00
# Visual Studio Version 17
VisualStudioVersion = 17.5.002.0
MinimumVisualStudioVersion = 10.0.40219.1
Project("{2150E333-8FDC-42A3-9474-1A3956D46DE8}") = "topInterview150", "topInterview150", "{E67AE0B9-8CD5-4256-827A-CF04941BE063}"
EndProject
Project("{2150E333-8FDC-42A3-9474-1A3956D46DE8}") = "c#", "c#", "{A796DEAD-2C4E-4576-8F4F-8AAEFFDDD6EC}"
EndProject
Project("{9A19103F-16F7-4668-BE54-9A1E7A4F7556}") = "codes", "topInterview150\c#\codes\codes.csproj", "{931FD10A-4871-4845-B422-85DCC007C843}"
EndProject
Global
	GlobalSection(SolutionConfigurationPlatforms) = preSolution
		Debug|Any CPU = Debug|Any CPU
		Release|Any CPU = Release|Any CPU
	EndGlobalSection
	GlobalSection(ProjectConfigurationPlatforms) = postSolution
		{931FD10A-4871-4845-B422-85DCC007C843}.Debug|Any CPU.ActiveCfg = Debug|Any CPU
		{931FD10A-4871-4845-B422-85DCC007C843}.Debug|Any CPU.Build.0 = Debug|Any CPU
		{931FD10A-4871-4845-B422-85DCC007C843}.Release|Any CPU.ActiveCfg = Release|Any CPU
		{931FD10A-4871-4845-B422-85DCC007C843}.Release|Any CPU.Build.0 = Release|Any CPU
	EndGlobalSection
	GlobalSection(SolutionProperties) = preSolution
		HideSolutionNode = FALSE
	EndGlobalSection
	GlobalSection(NestedProjects) = preSolution
		{A796DEAD-2C4E-4576-8F4F-8AAEFFDDD6EC} = {E67AE0B9-8CD5-4256-827A-CF04941BE063}
		{931FD10A-4871-4845-B422-85DCC007C843} = {A796DEAD-2C4E-4576-8F4F-8AAEFFDDD6EC}
	EndGlobalSection
	GlobalSection(ExtensibilityGlobals) = postSolution
		SolutionGuid = {E0B957F4-7855-4ABF-A894-3413DE0420E7}
	EndGlobalSection
EndGlobal
