
Microsoft Visual Studio Solution File, Format Version 12.00
# Visual Studio Version 17
VisualStudioVersion = 17.5.002.0
MinimumVisualStudioVersion = 10.0.40219.1
Project("{2150E333-8FDC-42A3-9474-1A3956D46DE8}") = "c#", "c#", "{2EE610A5-EF4E-46CB-A9E9-AF2034276399}"
EndProject
Project("{9A19103F-16F7-4668-BE54-9A1E7A4F7556}") = "80removedDuplicatesFromStoredArraypt2", "c#\80removedDuplicatesFromStoredArraypt2\80removedDuplicatesFromStoredArraypt2.csproj", "{AF6B3D9C-D59D-4472-8EC3-4A6560ADBCFC}"
EndProject
Global
	GlobalSection(SolutionConfigurationPlatforms) = preSolution
		Debug|Any CPU = Debug|Any CPU
		Release|Any CPU = Release|Any CPU
	EndGlobalSection
	GlobalSection(ProjectConfigurationPlatforms) = postSolution
		{AF6B3D9C-D59D-4472-8EC3-4A6560ADBCFC}.Debug|Any CPU.ActiveCfg = Debug|Any CPU
		{AF6B3D9C-D59D-4472-8EC3-4A6560ADBCFC}.Debug|Any CPU.Build.0 = Debug|Any CPU
		{AF6B3D9C-D59D-4472-8EC3-4A6560ADBCFC}.Release|Any CPU.ActiveCfg = Release|Any CPU
		{AF6B3D9C-D59D-4472-8EC3-4A6560ADBCFC}.Release|Any CPU.Build.0 = Release|Any CPU
	EndGlobalSection
	GlobalSection(SolutionProperties) = preSolution
		HideSolutionNode = FALSE
	EndGlobalSection
	GlobalSection(NestedProjects) = preSolution
		{AF6B3D9C-D59D-4472-8EC3-4A6560ADBCFC} = {2EE610A5-EF4E-46CB-A9E9-AF2034276399}
	EndGlobalSection
	GlobalSection(ExtensibilityGlobals) = postSolution
		SolutionGuid = {8B418279-5ED1-40BC-B702-E3A718EE959F}
	EndGlobalSection
EndGlobal
